
Microsoft Visual Studio Solution File, Format Version 12.00
# Visual Studio 14
VisualStudioVersion = 14.0.25420.1
MinimumVisualStudioVersion = 10.0.40219.1
Project("{FAE04EC0-301F-11D3-BF4B-00C04F79EFBC}") = "eticaret", "eticaret\eticaret.csproj", "{31EEBFE1-1C6C-478A-A2C1-564EB7E54A3F}"
EndProject
Global
	GlobalSection(SolutionConfigurationPlatforms) = preSolution
		Debug|Any CPU = Debug|Any CPU
		Release|Any CPU = Release|Any CPU
	EndGlobalSection
	GlobalSection(ProjectConfigurationPlatforms) = postSolution
		{31EEBFE1-1C6C-478A-A2C1-564EB7E54A3F}.Debug|Any CPU.ActiveCfg = Debug|Any CPU
		{31EEBFE1-1C6C-478A-A2C1-564EB7E54A3F}.Debug|Any CPU.Build.0 = Debug|Any CPU
		{31EEBFE1-1C6C-478A-A2C1-564EB7E54A3F}.Release|Any CPU.ActiveCfg = Release|Any CPU
		{31EEBFE1-1C6C-478A-A2C1-564EB7E54A3F}.Release|Any CPU.Build.0 = Release|Any CPU
	EndGlobalSection
	GlobalSection(SolutionProperties) = preSolution
		HideSolutionNode = FALSE
	EndGlobalSection
EndGlobal
